
Microsoft Visual Studio Solution File, Format Version 12.00
# Visual Studio Version 17
VisualStudioVersion = 17.5.33424.131
MinimumVisualStudioVersion = 10.0.40219.1
Project("{FAE04EC0-301F-11D3-BF4B-00C04F79EFBC}") = "LAB3", "LAB3\LAB3.csproj", "{241367FE-2D61-4327-984A-9115DDEB848B}"
EndProject
Global
	GlobalSection(SolutionConfigurationPlatforms) = preSolution
		Debug|Any CPU = Debug|Any CPU
		Release|Any CPU = Release|Any CPU
	EndGlobalSection
	GlobalSection(ProjectConfigurationPlatforms) = postSolution
		{241367FE-2D61-4327-984A-9115DDEB848B}.Debug|Any CPU.ActiveCfg = Debug|Any CPU
		{241367FE-2D61-4327-984A-9115DDEB848B}.Debug|Any CPU.Build.0 = Debug|Any CPU
		{241367FE-2D61-4327-984A-9115DDEB848B}.Release|Any CPU.ActiveCfg = Release|Any CPU
		{241367FE-2D61-4327-984A-9115DDEB848B}.Release|Any CPU.Build.0 = Release|Any CPU
	EndGlobalSection
	GlobalSection(SolutionProperties) = preSolution
		HideSolutionNode = FALSE
	EndGlobalSection
	GlobalSection(ExtensibilityGlobals) = postSolution
		SolutionGuid = {0614C60A-A867-415E-A7CC-432402C0C114}
	EndGlobalSection
EndGlobal
